# This file is automatically @generated by Cargo.
# It is not intended for manual editing.
version = 4

[[package]]
name = "WasmbotTest"
version = "0.1.0"
dependencies = [
 "wasmbot_client",
]

[[package]]
name = "wasmbot_client"
version = "0.0.0"
source = "git+https://github.com/sjml/wasmbots.git?branch=next#9567205f189b1f4341e72c1dd50c3ed272c53c63"
