# This file is automatically @generated by Cargo.
# It is not intended for manual editing.
version = 4

[[package]]
name = "WasmbotTest"
version = "0.1.0"
dependencies = [
 "wasmbot_client",
]

[[package]]
name = "wasmbot_client"
version = "0.0.0"
source = "git+https://github.com/sjml/wasmbots.git#7f43c36ec9e56b40e71ad39aa649dc290d656714"
